<?xml version="1.0" encoding="utf-8"?>
<Project ToolsVersion="17.0" xmlns="http://schemas.microsoft.com/developer/msbuild/2003">
  <ItemGroup>
    <CustomBuild Include="F:\mcs2\openMVS\CMakeFiles\2e884302f8609932ddee32d87a557963\uninstall.rule">
      <Filter>CMake Rules</Filter>
    </CustomBuild>
    <CustomBuild Include="F:\mcs2\openMVS\CMakeLists.txt" />
  </ItemGroup>
  <ItemGroup>
    <None Include="F:\mcs2\openMVS\CMakeFiles\uninstall" />
  </ItemGroup>
  <ItemGroup>
    <Filter Include="CMake Rules">
      <UniqueIdentifier>{BF583367-39C1-3A51-806E-C399B79303AB}</UniqueIdentifier>
    </Filter>
  </ItemGroup>
</Project>
