<?xml version="1.0" encoding="utf-8"?>
<Project ToolsVersion="17.0" xmlns="http://schemas.microsoft.com/developer/msbuild/2003">
  <ItemGroup>
    <CustomBuild Include="F:\mcs2\openMVS\CMakeFiles\c23f5b3db48bdd16da5af45e2c7c6258\RUN_TESTS_force.rule">
      <Filter>CMake Rules</Filter>
    </CustomBuild>
  </ItemGroup>
  <ItemGroup>
    <Filter Include="CMake Rules">
      <UniqueIdentifier>{BF583367-39C1-3A51-806E-C399B79303AB}</UniqueIdentifier>
    </Filter>
  </ItemGroup>
</Project>
