<?xml version="1.0" encoding="utf-8"?>
<Project ToolsVersion="17.0" xmlns="http://schemas.microsoft.com/developer/msbuild/2003">
  <ItemGroup>
    <ClCompile Include="F:\mcs2\openMVS\libs\Common\CMakeFiles\Common.dir\cmake_pch.cxx">
      <Filter>Source Files</Filter>
    </ClCompile>
    <ClCompile Include="F:\mcs2\openMVS\libs\Common\Common.cpp">
      <Filter>Source Files</Filter>
    </ClCompile>
    <ClCompile Include="F:\mcs2\openMVS\libs\Common\ConfigTable.cpp">
      <Filter>Source Files</Filter>
    </ClCompile>
    <ClCompile Include="F:\mcs2\openMVS\libs\Common\EventQueue.cpp">
      <Filter>Source Files</Filter>
    </ClCompile>
    <ClCompile Include="F:\mcs2\openMVS\libs\Common\Log.cpp">
      <Filter>Source Files</Filter>
    </ClCompile>
    <ClCompile Include="F:\mcs2\openMVS\libs\Common\SML.cpp">
      <Filter>Source Files</Filter>
    </ClCompile>
    <ClCompile Include="F:\mcs2\openMVS\libs\Common\Timer.cpp">
      <Filter>Source Files</Filter>
    </ClCompile>
    <ClCompile Include="F:\mcs2\openMVS\libs\Common\Types.cpp">
      <Filter>Source Files</Filter>
    </ClCompile>
    <ClCompile Include="F:\mcs2\openMVS\libs\Common\Util.cpp">
      <Filter>Source Files</Filter>
    </ClCompile>
    <ClCompile Include="F:\mcs2\openMVS\libs\Common\UtilCUDA.cpp">
      <Filter>Source Files</Filter>
    </ClCompile>
  </ItemGroup>
  <ItemGroup>
    <ClInclude Include="F:\mcs2\openMVS\libs\Common\AABB.h">
      <Filter>Header Files</Filter>
    </ClInclude>
    <ClInclude Include="F:\mcs2\openMVS\libs\Common\AABB.inl">
      <Filter>Header Files</Filter>
    </ClInclude>
    <ClInclude Include="F:\mcs2\openMVS\libs\Common\AutoEstimator.h">
      <Filter>Header Files</Filter>
    </ClInclude>
    <ClInclude Include="F:\mcs2\openMVS\libs\Common\AutoPtr.h">
      <Filter>Header Files</Filter>
    </ClInclude>
    <ClInclude Include="F:\mcs2\openMVS\libs\Common\Common.h">
      <Filter>Header Files</Filter>
    </ClInclude>
    <ClInclude Include="F:\mcs2\openMVS\libs\Common\Config.h">
      <Filter>Header Files</Filter>
    </ClInclude>
    <ClInclude Include="F:\mcs2\openMVS\libs\Common\ConfigTable.h">
      <Filter>Header Files</Filter>
    </ClInclude>
    <ClInclude Include="F:\mcs2\openMVS\libs\Common\CriticalSection.h">
      <Filter>Header Files</Filter>
    </ClInclude>
    <ClInclude Include="F:\mcs2\openMVS\libs\Common\EventQueue.h">
      <Filter>Header Files</Filter>
    </ClInclude>
    <ClInclude Include="F:\mcs2\openMVS\libs\Common\FastDelegate.h">
      <Filter>Header Files</Filter>
    </ClInclude>
    <ClInclude Include="F:\mcs2\openMVS\libs\Common\FastDelegateBind.h">
      <Filter>Header Files</Filter>
    </ClInclude>
    <ClInclude Include="F:\mcs2\openMVS\libs\Common\FastDelegateCPP11.h">
      <Filter>Header Files</Filter>
    </ClInclude>
    <ClInclude Include="F:\mcs2\openMVS\libs\Common\File.h">
      <Filter>Header Files</Filter>
    </ClInclude>
    <ClInclude Include="F:\mcs2\openMVS\libs\Common\Filters.h">
      <Filter>Header Files</Filter>
    </ClInclude>
    <ClInclude Include="F:\mcs2\openMVS\libs\Common\HTMLDoc.h">
      <Filter>Header Files</Filter>
    </ClInclude>
    <ClInclude Include="F:\mcs2\openMVS\libs\Common\HalfFloat.h">
      <Filter>Header Files</Filter>
    </ClInclude>
    <ClInclude Include="F:\mcs2\openMVS\libs\Common\Hash.h">
      <Filter>Header Files</Filter>
    </ClInclude>
    <ClInclude Include="F:\mcs2\openMVS\libs\Common\Line.h">
      <Filter>Header Files</Filter>
    </ClInclude>
    <ClInclude Include="F:\mcs2\openMVS\libs\Common\Line.inl">
      <Filter>Header Files</Filter>
    </ClInclude>
    <ClInclude Include="F:\mcs2\openMVS\libs\Common\LinkLib.h">
      <Filter>Header Files</Filter>
    </ClInclude>
    <ClInclude Include="F:\mcs2\openMVS\libs\Common\List.h">
      <Filter>Header Files</Filter>
    </ClInclude>
    <ClInclude Include="F:\mcs2\openMVS\libs\Common\Log.h">
      <Filter>Header Files</Filter>
    </ClInclude>
    <ClInclude Include="F:\mcs2\openMVS\libs\Common\MemFile.h">
      <Filter>Header Files</Filter>
    </ClInclude>
    <ClInclude Include="F:\mcs2\openMVS\libs\Common\OBB.h">
      <Filter>Header Files</Filter>
    </ClInclude>
    <ClInclude Include="F:\mcs2\openMVS\libs\Common\OBB.inl">
      <Filter>Header Files</Filter>
    </ClInclude>
    <ClInclude Include="F:\mcs2\openMVS\libs\Common\Octree.h">
      <Filter>Header Files</Filter>
    </ClInclude>
    <ClInclude Include="F:\mcs2\openMVS\libs\Common\Octree.inl">
      <Filter>Header Files</Filter>
    </ClInclude>
    <ClInclude Include="F:\mcs2\openMVS\libs\Common\Plane.h">
      <Filter>Header Files</Filter>
    </ClInclude>
    <ClInclude Include="F:\mcs2\openMVS\libs\Common\Plane.inl">
      <Filter>Header Files</Filter>
    </ClInclude>
    <ClInclude Include="F:\mcs2\openMVS\libs\Common\Queue.h">
      <Filter>Header Files</Filter>
    </ClInclude>
    <ClInclude Include="F:\mcs2\openMVS\libs\Common\Random.h">
      <Filter>Header Files</Filter>
    </ClInclude>
    <ClInclude Include="F:\mcs2\openMVS\libs\Common\Ray.h">
      <Filter>Header Files</Filter>
    </ClInclude>
    <ClInclude Include="F:\mcs2\openMVS\libs\Common\Ray.inl">
      <Filter>Header Files</Filter>
    </ClInclude>
    <ClInclude Include="F:\mcs2\openMVS\libs\Common\Rotation.h">
      <Filter>Header Files</Filter>
    </ClInclude>
    <ClInclude Include="F:\mcs2\openMVS\libs\Common\Rotation.inl">
      <Filter>Header Files</Filter>
    </ClInclude>
    <ClInclude Include="F:\mcs2\openMVS\libs\Common\SML.h">
      <Filter>Header Files</Filter>
    </ClInclude>
    <ClInclude Include="F:\mcs2\openMVS\libs\Common\Sampler.inl">
      <Filter>Header Files</Filter>
    </ClInclude>
    <ClInclude Include="F:\mcs2\openMVS\libs\Common\Semaphore.h">
      <Filter>Header Files</Filter>
    </ClInclude>
    <ClInclude Include="F:\mcs2\openMVS\libs\Common\SharedPtr.h">
      <Filter>Header Files</Filter>
    </ClInclude>
    <ClInclude Include="F:\mcs2\openMVS\libs\Common\Sphere.h">
      <Filter>Header Files</Filter>
    </ClInclude>
    <ClInclude Include="F:\mcs2\openMVS\libs\Common\Sphere.inl">
      <Filter>Header Files</Filter>
    </ClInclude>
    <ClInclude Include="F:\mcs2\openMVS\libs\Common\Streams.h">
      <Filter>Header Files</Filter>
    </ClInclude>
    <ClInclude Include="F:\mcs2\openMVS\libs\Common\Strings.h">
      <Filter>Header Files</Filter>
    </ClInclude>
    <ClInclude Include="F:\mcs2\openMVS\libs\Common\Thread.h">
      <Filter>Header Files</Filter>
    </ClInclude>
    <ClInclude Include="F:\mcs2\openMVS\libs\Common\Timer.h">
      <Filter>Header Files</Filter>
    </ClInclude>
    <ClInclude Include="F:\mcs2\openMVS\libs\Common\Types.h">
      <Filter>Header Files</Filter>
    </ClInclude>
    <ClInclude Include="F:\mcs2\openMVS\libs\Common\Types.inl">
      <Filter>Header Files</Filter>
    </ClInclude>
    <ClInclude Include="F:\mcs2\openMVS\libs\Common\Util.h">
      <Filter>Header Files</Filter>
    </ClInclude>
    <ClInclude Include="F:\mcs2\openMVS\libs\Common\Util.inl">
      <Filter>Header Files</Filter>
    </ClInclude>
    <ClInclude Include="F:\mcs2\openMVS\libs\Common\UtilCUDA.h">
      <Filter>Header Files</Filter>
    </ClInclude>
    <ClInclude Include="F:\mcs2\openMVS\libs\Common\CMakeFiles\Common.dir\Debug\cmake_pch.hxx">
      <Filter>Precompile Header File</Filter>
    </ClInclude>
    <ClInclude Include="F:\mcs2\openMVS\libs\Common\CMakeFiles\Common.dir\Release\cmake_pch.hxx">
      <Filter>Precompile Header File</Filter>
    </ClInclude>
    <ClInclude Include="F:\mcs2\openMVS\libs\Common\CMakeFiles\Common.dir\MinSizeRel\cmake_pch.hxx">
      <Filter>Precompile Header File</Filter>
    </ClInclude>
    <ClInclude Include="F:\mcs2\openMVS\libs\Common\CMakeFiles\Common.dir\RelWithDebInfo\cmake_pch.hxx">
      <Filter>Precompile Header File</Filter>
    </ClInclude>
  </ItemGroup>
  <ItemGroup>
    <CustomBuild Include="F:\mcs2\openMVS\libs\Common\CMakeLists.txt" />
  </ItemGroup>
  <ItemGroup>
    <Filter Include="Header Files">
      <UniqueIdentifier>{78C719B4-599D-3F55-8D50-3B747F2CDFB9}</UniqueIdentifier>
    </Filter>
    <Filter Include="Precompile Header File">
      <UniqueIdentifier>{389EFE18-5A31-3151-AA47-AEFA13EAD518}</UniqueIdentifier>
    </Filter>
    <Filter Include="Source Files">
      <UniqueIdentifier>{A10ED4B6-28E6-3C63-9014-0F0576A725D3}</UniqueIdentifier>
    </Filter>
  </ItemGroup>
</Project>
