<?xml version="1.0" encoding="utf-8"?>
<Project ToolsVersion="17.0" xmlns="http://schemas.microsoft.com/developer/msbuild/2003">
  <ItemGroup>
    <ClCompile Include="F:\mcs2\openMVS\libs\MVS\CMakeFiles\MVS.dir\cmake_pch.cxx">
      <Filter>Source Files</Filter>
    </ClCompile>
    <ClCompile Include="F:\mcs2\openMVS\libs\MVS\Camera.cpp">
      <Filter>Source Files</Filter>
    </ClCompile>
    <ClCompile Include="F:\mcs2\openMVS\libs\MVS\Common.cpp">
      <Filter>Source Files</Filter>
    </ClCompile>
    <ClCompile Include="F:\mcs2\openMVS\libs\MVS\DepthMap.cpp">
      <Filter>Source Files</Filter>
    </ClCompile>
    <ClCompile Include="F:\mcs2\openMVS\libs\MVS\Image.cpp">
      <Filter>Source Files</Filter>
    </ClCompile>
    <ClCompile Include="F:\mcs2\openMVS\libs\MVS\Mesh.cpp">
      <Filter>Source Files</Filter>
    </ClCompile>
    <ClCompile Include="F:\mcs2\openMVS\libs\MVS\PatchMatchCUDA.cpp">
      <Filter>Source Files</Filter>
    </ClCompile>
    <ClCompile Include="F:\mcs2\openMVS\libs\MVS\Platform.cpp">
      <Filter>Source Files</Filter>
    </ClCompile>
    <ClCompile Include="F:\mcs2\openMVS\libs\MVS\PointCloud.cpp">
      <Filter>Source Files</Filter>
    </ClCompile>
    <ClCompile Include="F:\mcs2\openMVS\libs\MVS\RectsBinPack.cpp">
      <Filter>Source Files</Filter>
    </ClCompile>
    <ClCompile Include="F:\mcs2\openMVS\libs\MVS\Scene.cpp">
      <Filter>Source Files</Filter>
    </ClCompile>
    <ClCompile Include="F:\mcs2\openMVS\libs\MVS\SceneDensify.cpp">
      <Filter>Source Files</Filter>
    </ClCompile>
    <ClCompile Include="F:\mcs2\openMVS\libs\MVS\SceneReconstruct.cpp">
      <Filter>Source Files</Filter>
    </ClCompile>
    <ClCompile Include="F:\mcs2\openMVS\libs\MVS\SceneRefine.cpp">
      <Filter>Source Files</Filter>
    </ClCompile>
    <ClCompile Include="F:\mcs2\openMVS\libs\MVS\SceneRefineCUDA.cpp">
      <Filter>Source Files</Filter>
    </ClCompile>
    <ClCompile Include="F:\mcs2\openMVS\libs\MVS\SceneTexture.cpp">
      <Filter>Source Files</Filter>
    </ClCompile>
    <ClCompile Include="F:\mcs2\openMVS\libs\MVS\SemiGlobalMatcher.cpp">
      <Filter>Source Files</Filter>
    </ClCompile>
  </ItemGroup>
  <ItemGroup>
    <ClInclude Include="F:\mcs2\openMVS\libs\MVS\Camera.h">
      <Filter>Header Files</Filter>
    </ClInclude>
    <ClInclude Include="F:\mcs2\openMVS\libs\MVS\Common.h">
      <Filter>Header Files</Filter>
    </ClInclude>
    <ClInclude Include="F:\mcs2\openMVS\libs\MVS\DepthMap.h">
      <Filter>Header Files</Filter>
    </ClInclude>
    <ClInclude Include="F:\mcs2\openMVS\libs\MVS\Image.h">
      <Filter>Header Files</Filter>
    </ClInclude>
    <ClInclude Include="F:\mcs2\openMVS\libs\MVS\Interface.h">
      <Filter>Header Files</Filter>
    </ClInclude>
    <ClInclude Include="F:\mcs2\openMVS\libs\MVS\Mesh.h">
      <Filter>Header Files</Filter>
    </ClInclude>
    <ClInclude Include="F:\mcs2\openMVS\libs\MVS\PatchMatchCUDA.h">
      <Filter>Header Files</Filter>
    </ClInclude>
    <ClInclude Include="F:\mcs2\openMVS\libs\MVS\PatchMatchCUDA.inl">
      <Filter>Header Files</Filter>
    </ClInclude>
    <ClInclude Include="F:\mcs2\openMVS\libs\MVS\Platform.h">
      <Filter>Header Files</Filter>
    </ClInclude>
    <ClInclude Include="F:\mcs2\openMVS\libs\MVS\PointCloud.h">
      <Filter>Header Files</Filter>
    </ClInclude>
    <ClInclude Include="F:\mcs2\openMVS\libs\MVS\RectsBinPack.h">
      <Filter>Header Files</Filter>
    </ClInclude>
    <ClInclude Include="F:\mcs2\openMVS\libs\MVS\Scene.h">
      <Filter>Header Files</Filter>
    </ClInclude>
    <ClInclude Include="F:\mcs2\openMVS\libs\MVS\SceneDensify.h">
      <Filter>Header Files</Filter>
    </ClInclude>
    <ClInclude Include="F:\mcs2\openMVS\libs\MVS\SemiGlobalMatcher.h">
      <Filter>Header Files</Filter>
    </ClInclude>
    <ClInclude Include="F:\mcs2\openMVS\libs\MVS\CMakeFiles\MVS.dir\Debug\cmake_pch.hxx">
      <Filter>Precompile Header File</Filter>
    </ClInclude>
    <ClInclude Include="F:\mcs2\openMVS\libs\MVS\CMakeFiles\MVS.dir\Release\cmake_pch.hxx">
      <Filter>Precompile Header File</Filter>
    </ClInclude>
    <ClInclude Include="F:\mcs2\openMVS\libs\MVS\CMakeFiles\MVS.dir\MinSizeRel\cmake_pch.hxx">
      <Filter>Precompile Header File</Filter>
    </ClInclude>
    <ClInclude Include="F:\mcs2\openMVS\libs\MVS\CMakeFiles\MVS.dir\RelWithDebInfo\cmake_pch.hxx">
      <Filter>Precompile Header File</Filter>
    </ClInclude>
  </ItemGroup>
  <ItemGroup>
    <CudaCompile Include="PatchMatchCUDA.cu">
      <Filter>Source Files</Filter>
    </CudaCompile>
  </ItemGroup>
  <ItemGroup>
    <CustomBuild Include="F:\mcs2\openMVS\libs\MVS\CMakeLists.txt" />
  </ItemGroup>
  <ItemGroup>
    <Filter Include="Header Files">
      <UniqueIdentifier>{78C719B4-599D-3F55-8D50-3B747F2CDFB9}</UniqueIdentifier>
    </Filter>
    <Filter Include="Precompile Header File">
      <UniqueIdentifier>{389EFE18-5A31-3151-AA47-AEFA13EAD518}</UniqueIdentifier>
    </Filter>
    <Filter Include="Source Files">
      <UniqueIdentifier>{A10ED4B6-28E6-3C63-9014-0F0576A725D3}</UniqueIdentifier>
    </Filter>
  </ItemGroup>
</Project>
