<?xml version="1.0" encoding="utf-8"?>
<Project ToolsVersion="17.0" xmlns="http://schemas.microsoft.com/developer/msbuild/2003">
  <ItemGroup>
    <CustomBuild Include="F:\mcs2\openMVS\CMakeFiles\f9e445f2cbcb41b47f9e9a83139a4624\INSTALL_force.rule">
      <Filter>CMake Rules</Filter>
    </CustomBuild>
  </ItemGroup>
  <ItemGroup>
    <Filter Include="CMake Rules">
      <UniqueIdentifier>{BF583367-39C1-3A51-806E-C399B79303AB}</UniqueIdentifier>
    </Filter>
  </ItemGroup>
</Project>
